
Microsoft Visual Studio Solution File, Format Version 12.00
# Visual Studio Version 17
VisualStudioVersion = 17.5.33516.290
MinimumVisualStudioVersion = 10.0.40219.1
Project("{8BC9CEB8-8B4A-11D0-8D11-00A0C91BC942}") = "Shader_SOURCE", "Shader_SOURCE\Shader_SOURCE.vcxitems", "{4CB36FB6-D48B-4508-A37E-90550A60E406}"
EndProject
Project("{8BC9CEB8-8B4A-11D0-8D11-00A0C91BC942}") = "Editor_Window", "Editor_Window\Editor_Window.vcxproj", "{3883B736-0398-4B45-AB20-67319239BBB9}"
	ProjectSection(ProjectDependencies) = postProject
		{8C13B94B-CB94-4D08-9B4F-B6B229883899} = {8C13B94B-CB94-4D08-9B4F-B6B229883899}
	EndProjectSection
EndProject
Project("{8BC9CEB8-8B4A-11D0-8D11-00A0C91BC942}") = "Engine_SOURCE", "Engine_SOURCE\Engine_SOURCE.vcxitems", "{ED3569EC-DD7E-4F2D-A251-16CB3378475F}"
EndProject
Project("{8BC9CEB8-8B4A-11D0-8D11-00A0C91BC942}") = "Editor_SOURCE", "Editor_SOURCE\Editor_SOURCE.vcxitems", "{0539695A-2317-4EB1-B046-88FF12E82BC6}"
EndProject
Project("{8BC9CEB8-8B4A-11D0-8D11-00A0C91BC942}") = "JunSuEngine", "JunSuEngine\JunSuEngine.vcxproj", "{8C13B94B-CB94-4D08-9B4F-B6B229883899}"
EndProject
Global
	GlobalSection(SolutionConfigurationPlatforms) = preSolution
		Debug|x64 = Debug|x64
		Debug|x86 = Debug|x86
		Release|x64 = Release|x64
		Release|x86 = Release|x86
	EndGlobalSection
	GlobalSection(ProjectConfigurationPlatforms) = postSolution
		{3883B736-0398-4B45-AB20-67319239BBB9}.Debug|x64.ActiveCfg = Debug|x64
		{3883B736-0398-4B45-AB20-67319239BBB9}.Debug|x64.Build.0 = Debug|x64
		{3883B736-0398-4B45-AB20-67319239BBB9}.Debug|x86.ActiveCfg = Debug|Win32
		{3883B736-0398-4B45-AB20-67319239BBB9}.Debug|x86.Build.0 = Debug|Win32
		{3883B736-0398-4B45-AB20-67319239BBB9}.Release|x64.ActiveCfg = Release|x64
		{3883B736-0398-4B45-AB20-67319239BBB9}.Release|x64.Build.0 = Release|x64
		{3883B736-0398-4B45-AB20-67319239BBB9}.Release|x86.ActiveCfg = Release|Win32
		{3883B736-0398-4B45-AB20-67319239BBB9}.Release|x86.Build.0 = Release|Win32
		{8C13B94B-CB94-4D08-9B4F-B6B229883899}.Debug|x64.ActiveCfg = Debug|x64
		{8C13B94B-CB94-4D08-9B4F-B6B229883899}.Debug|x64.Build.0 = Debug|x64
		{8C13B94B-CB94-4D08-9B4F-B6B229883899}.Debug|x86.ActiveCfg = Debug|Win32
		{8C13B94B-CB94-4D08-9B4F-B6B229883899}.Debug|x86.Build.0 = Debug|Win32
		{8C13B94B-CB94-4D08-9B4F-B6B229883899}.Release|x64.ActiveCfg = Release|x64
		{8C13B94B-CB94-4D08-9B4F-B6B229883899}.Release|x64.Build.0 = Release|x64
		{8C13B94B-CB94-4D08-9B4F-B6B229883899}.Release|x86.ActiveCfg = Release|Win32
		{8C13B94B-CB94-4D08-9B4F-B6B229883899}.Release|x86.Build.0 = Release|Win32
	EndGlobalSection
	GlobalSection(SolutionProperties) = preSolution
		HideSolutionNode = FALSE
	EndGlobalSection
	GlobalSection(ExtensibilityGlobals) = postSolution
		SolutionGuid = {44049FAC-64E8-4A38-8DD3-A9EA1FB13FC0}
	EndGlobalSection
	GlobalSection(SharedMSBuildProjectFiles) = preSolution
		Editor_SOURCE\Editor_SOURCE.vcxitems*{0539695a-2317-4eb1-b046-88ff12e82bc6}*SharedItemsImports = 9
		Editor_SOURCE\Editor_SOURCE.vcxitems*{3883b736-0398-4b45-ab20-67319239bbb9}*SharedItemsImports = 4
		Shader_SOURCE\Shader_SOURCE.vcxitems*{4cb36fb6-d48b-4508-a37e-90550a60e406}*SharedItemsImports = 9
		Engine_SOURCE\Engine_SOURCE.vcxitems*{8c13b94b-cb94-4d08-9b4f-b6b229883899}*SharedItemsImports = 4
		Engine_SOURCE\Engine_SOURCE.vcxitems*{ed3569ec-dd7e-4f2d-a251-16cb3378475f}*SharedItemsImports = 9
	EndGlobalSection
EndGlobal
