<?xml version="1.0" encoding="utf-8"?>
<Project ToolsVersion="4.0" xmlns="http://schemas.microsoft.com/developer/msbuild/2003">
  <ItemGroup>
    <Filter Include="리소스 파일">
      <UniqueIdentifier>{67DA6AB6-F800-4c08-8B7A-83BB121AAD01}</UniqueIdentifier>
      <Extensions>rc;ico;cur;bmp;dlg;rc2;rct;bin;rgs;gif;jpg;jpeg;jpe;resx;tiff;tif;png;wav;mfcribbon-ms</Extensions>
    </Filter>
    <Filter Include="Contents">
      <UniqueIdentifier>{9189d822-ff8f-4272-9bde-d9d9f79675be}</UniqueIdentifier>
    </Filter>
    <Filter Include="Contents\Load">
      <UniqueIdentifier>{c34ac407-bec1-4f1e-a97f-c3e2164dcca3}</UniqueIdentifier>
    </Filter>
    <Filter Include="Contents\Scene">
      <UniqueIdentifier>{dd44068f-9294-45d3-b3cc-6e98eef61754}</UniqueIdentifier>
    </Filter>
    <Filter Include="Contents\Script">
      <UniqueIdentifier>{c9db27e6-a2f6-4db6-bee2-1efb0d98f3ac}</UniqueIdentifier>
    </Filter>
    <Filter Include="Contents\Script\Player">
      <UniqueIdentifier>{b5d64830-eb8e-45ba-9562-67001ba1187f}</UniqueIdentifier>
    </Filter>
    <Filter Include="Contents\Script\Player\Otus">
      <UniqueIdentifier>{26c764b9-3af2-496a-90b8-48732be7d7dd}</UniqueIdentifier>
    </Filter>
    <Filter Include="Contents\Script\Player\Geddy">
      <UniqueIdentifier>{11814933-7e46-463b-a66b-a0fea7ffbb0f}</UniqueIdentifier>
    </Filter>
    <Filter Include="Contents\Script\Monster">
      <UniqueIdentifier>{8b174832-dd84-4811-a3da-255d42f32672}</UniqueIdentifier>
    </Filter>
    <Filter Include="Contents\Script\Bullet">
      <UniqueIdentifier>{67a5e86e-ada8-4c56-9d93-f57c383e2c5a}</UniqueIdentifier>
    </Filter>
    <Filter Include="Contents\Script\Object">
      <UniqueIdentifier>{b7048500-359a-4389-997b-5b1863e43448}</UniqueIdentifier>
    </Filter>
    <Filter Include="Contents\Script\Object\Door">
      <UniqueIdentifier>{fb2a526c-4d63-47c0-9724-4de2189bd0fc}</UniqueIdentifier>
    </Filter>
    <Filter Include="Contents\Script\Object\Wall">
      <UniqueIdentifier>{0ce9c8e4-7ec4-4fd2-bc2a-df4e6cf3436b}</UniqueIdentifier>
    </Filter>
    <Filter Include="Contents\Script\Camera">
      <UniqueIdentifier>{2d2ecebb-52d4-4cd0-b81e-3fe424b2986b}</UniqueIdentifier>
    </Filter>
    <Filter Include="Contents\Script\Bullet\Geddy">
      <UniqueIdentifier>{b2a543d8-5173-4b79-96bd-851f580ccf45}</UniqueIdentifier>
    </Filter>
    <Filter Include="Contents\Script\Bullet\Masked">
      <UniqueIdentifier>{7981be56-2b32-4d0b-af30-6907198f2cd4}</UniqueIdentifier>
    </Filter>
    <Filter Include="Contents\Script\Monster\Masked">
      <UniqueIdentifier>{7d64c70e-5ee6-4a10-8169-41ff022843b9}</UniqueIdentifier>
    </Filter>
  </ItemGroup>
  <ItemGroup>
    <ClCompile Include="JunSuEngine.cpp" />
    <ClCompile Include="jsEndingScene.cpp">
      <Filter>Contents\Scene</Filter>
    </ClCompile>
    <ClCompile Include="jsPlayScene.cpp">
      <Filter>Contents\Scene</Filter>
    </ClCompile>
    <ClCompile Include="jsTitleScene.cpp">
      <Filter>Contents\Scene</Filter>
    </ClCompile>
    <ClCompile Include="jsTutorialScene.cpp">
      <Filter>Contents\Scene</Filter>
    </ClCompile>
    <ClCompile Include="jsVellieScene.cpp">
      <Filter>Contents\Scene</Filter>
    </ClCompile>
    <ClCompile Include="jsBossScene.cpp">
      <Filter>Contents\Scene</Filter>
    </ClCompile>
    <ClCompile Include="jsDungeonScene.cpp">
      <Filter>Contents\Scene</Filter>
    </ClCompile>
    <ClCompile Include="jsHouseScene.cpp">
      <Filter>Contents\Scene</Filter>
    </ClCompile>
    <ClCompile Include="jsGeddyArmScript.cpp">
      <Filter>Contents\Script\Player\Geddy</Filter>
    </ClCompile>
    <ClCompile Include="jsGeddyScript.cpp">
      <Filter>Contents\Script\Player\Geddy</Filter>
    </ClCompile>
    <ClCompile Include="jsPlayerScript.cpp">
      <Filter>Contents\Script\Player\Otus</Filter>
    </ClCompile>
    <ClCompile Include="jsDoorScript.cpp">
      <Filter>Contents\Script\Object\Door</Filter>
    </ClCompile>
    <ClCompile Include="jsBulletScript.cpp">
      <Filter>Contents\Script\Bullet</Filter>
    </ClCompile>
    <ClCompile Include="jsWallScript.cpp">
      <Filter>Contents\Script\Object\Wall</Filter>
    </ClCompile>
    <ClCompile Include="jsMonsterScript.cpp">
      <Filter>Contents\Script\Monster</Filter>
    </ClCompile>
    <ClCompile Include="jsGroundScript.cpp">
      <Filter>Contents\Script\Object</Filter>
    </ClCompile>
    <ClCompile Include="jsCloudScript.cpp">
      <Filter>Contents\Script\Object</Filter>
    </ClCompile>
    <ClCompile Include="jsCameraScript.cpp">
      <Filter>Contents\Script\Camera</Filter>
    </ClCompile>
    <ClCompile Include="jsGridScript.cpp">
      <Filter>Contents\Script\Camera</Filter>
    </ClCompile>
    <ClCompile Include="jsGeddyBulletScript.cpp">
      <Filter>Contents\Script\Bullet\Geddy</Filter>
    </ClCompile>
    <ClCompile Include="jsAttackRangeScript.cpp">
      <Filter>Contents\Script\Object</Filter>
    </ClCompile>
    <ClCompile Include="jsMaskedBulletScript.cpp">
      <Filter>Contents\Script\Bullet\Masked</Filter>
    </ClCompile>
    <ClCompile Include="jsMaskedTortoiseScript.cpp">
      <Filter>Contents\Script\Monster\Masked</Filter>
    </ClCompile>
    <ClCompile Include="jsMaskedHeadScript.cpp">
      <Filter>Contents\Script\Monster\Masked</Filter>
    </ClCompile>
  </ItemGroup>
  <ItemGroup>
    <ClInclude Include="framework.h" />
    <ClInclude Include="LoadScenes.h">
      <Filter>Contents\Load</Filter>
    </ClInclude>
    <ClInclude Include="jsEndingScene.h">
      <Filter>Contents\Scene</Filter>
    </ClInclude>
    <ClInclude Include="jsPlayScene.h">
      <Filter>Contents\Scene</Filter>
    </ClInclude>
    <ClInclude Include="jsTitleScene.h">
      <Filter>Contents\Scene</Filter>
    </ClInclude>
    <ClInclude Include="jsTutorialScene.h">
      <Filter>Contents\Scene</Filter>
    </ClInclude>
    <ClInclude Include="jsVellieScene.h">
      <Filter>Contents\Scene</Filter>
    </ClInclude>
    <ClInclude Include="jsBossScene.h">
      <Filter>Contents\Scene</Filter>
    </ClInclude>
    <ClInclude Include="jsDungeonScene.h">
      <Filter>Contents\Scene</Filter>
    </ClInclude>
    <ClInclude Include="jsHouseScene.h">
      <Filter>Contents\Scene</Filter>
    </ClInclude>
    <ClInclude Include="jsGeddyArmScript.h">
      <Filter>Contents\Script\Player\Geddy</Filter>
    </ClInclude>
    <ClInclude Include="jsGeddyScript.h">
      <Filter>Contents\Script\Player\Geddy</Filter>
    </ClInclude>
    <ClInclude Include="jsPlayerScript.h">
      <Filter>Contents\Script\Player\Otus</Filter>
    </ClInclude>
    <ClInclude Include="jsDoorScript.h">
      <Filter>Contents\Script\Object\Door</Filter>
    </ClInclude>
    <ClInclude Include="jsBulletScript.h">
      <Filter>Contents\Script\Bullet</Filter>
    </ClInclude>
    <ClInclude Include="jsWallScript.h">
      <Filter>Contents\Script\Object\Wall</Filter>
    </ClInclude>
    <ClInclude Include="jsMonsterScript.h">
      <Filter>Contents\Script\Monster</Filter>
    </ClInclude>
    <ClInclude Include="jsGroundScript.h">
      <Filter>Contents\Script\Object</Filter>
    </ClInclude>
    <ClInclude Include="jsCloudScript.h">
      <Filter>Contents\Script\Object</Filter>
    </ClInclude>
    <ClInclude Include="jsCameraScript.h">
      <Filter>Contents\Script\Camera</Filter>
    </ClInclude>
    <ClInclude Include="jsGridScript.h">
      <Filter>Contents\Script\Camera</Filter>
    </ClInclude>
    <ClInclude Include="jsGeddyBulletScript.h">
      <Filter>Contents\Script\Bullet\Geddy</Filter>
    </ClInclude>
    <ClInclude Include="jsAttackRangeScript.h">
      <Filter>Contents\Script\Object</Filter>
    </ClInclude>
    <ClInclude Include="jsMaskedBulletScript.h">
      <Filter>Contents\Script\Bullet\Masked</Filter>
    </ClInclude>
    <ClInclude Include="jsMaskedTortoiseScript.h">
      <Filter>Contents\Script\Monster\Masked</Filter>
    </ClInclude>
    <ClInclude Include="jsMaskedHeadScript.h">
      <Filter>Contents\Script\Monster\Masked</Filter>
    </ClInclude>
  </ItemGroup>
</Project>